// !$*UTF8*$!
{
	archiveVersion = 1;
	classes = {
	};
	objectVersion = 56;
	objects = {

/* Begin PBXBuildFile section */
		0D41FA9229750CAA00DE23B2 /* AppDelegate.swift in Sources */ = {isa = PBXBuildFile; fileRef = 0D41FA9129750CAA00DE23B2 /* AppDelegate.swift */; };
		0D41FA9429750CAA00DE23B2 /* SceneDelegate.swift in Sources */ = {isa = PBXBuildFile; fileRef = 0D41FA9329750CAA00DE23B2 /* SceneDelegate.swift */; };
		0D41FA9629750CAA00DE23B2 /* ViewController.swift in Sources */ = {isa = PBXBuildFile; fileRef = 0D41FA9529750CAA00DE23B2 /* ViewController.swift */; };
		0D41FA9929750CAA00DE23B2 /* Main.storyboard in Resources */ = {isa = PBXBuildFile; fileRef = 0D41FA9729750CAA00DE23B2 /* Main.storyboard */; };
		0D41FA9B29750CAD00DE23B2 /* Assets.xcassets in Resources */ = {isa = PBXBuildFile; fileRef = 0D41FA9A29750CAD00DE23B2 /* Assets.xcassets */; };
		0D41FA9E29750CAD00DE23B2 /* LaunchScreen.storyboard in Resources */ = {isa = PBXBuildFile; fileRef = 0D41FA9C29750CAD00DE23B2 /* LaunchScreen.storyboard */; };
		0D41FAA929750CAD00DE23B2 /* Force_Upgrade_SampleTests.swift in Sources */ = {isa = PBXBuildFile; fileRef = 0D41FAA829750CAD00DE23B2 /* Force_Upgrade_SampleTests.swift */; };
		0D41FAB329750CAD00DE23B2 /* Force_Upgrade_SampleUITests.swift in Sources */ = {isa = PBXBuildFile; fileRef = 0D41FAB229750CAD00DE23B2 /* Force_Upgrade_SampleUITests.swift */; };
		0D41FAB529750CAD00DE23B2 /* Force_Upgrade_SampleUITestsLaunchTests.swift in Sources */ = {isa = PBXBuildFile; fileRef = 0D41FAB429750CAD00DE23B2 /* Force_Upgrade_SampleUITestsLaunchTests.swift */; };
		0D41FAC229750E4F00DE23B2 /* RemoteConfigUtility.swift in Sources */ = {isa = PBXBuildFile; fileRef = 0D41FAC129750E4F00DE23B2 /* RemoteConfigUtility.swift */; };
		0D41FAC629750EC500DE23B2 /* GoogleService-Info.plist in Resources */ = {isa = PBXBuildFile; fileRef = 0D41FAC429750EC500DE23B2 /* GoogleService-Info.plist */; };
		0D41FAC729750EC500DE23B2 /* RemoteConfigDefaults.plist in Resources */ = {isa = PBXBuildFile; fileRef = 0D41FAC529750EC500DE23B2 /* RemoteConfigDefaults.plist */; };
		429C76A83818F4A2165E66D0 /* Pods_Force_Upgrade_Sample.framework in Frameworks */ = {isa = PBXBuildFile; fileRef = DC7249633AD01185420B2A24 /* Pods_Force_Upgrade_Sample.framework */; };
/* End PBXBuildFile section */

/* Begin PBXContainerItemProxy section */
		0D41FAA529750CAD00DE23B2 /* PBXContainerItemProxy */ = {
			isa = PBXContainerItemProxy;
			containerPortal = 0D41FA8629750CAA00DE23B2 /* Project object */;
			proxyType = 1;
			remoteGlobalIDString = 0D41FA8D29750CAA00DE23B2;
			remoteInfo = "Force Upgrade Sample";
		};
		0D41FAAF29750CAD00DE23B2 /* PBXContainerItemProxy */ = {
			isa = PBXContainerItemProxy;
			containerPortal = 0D41FA8629750CAA00DE23B2 /* Project object */;
			proxyType = 1;
			remoteGlobalIDString = 0D41FA8D29750CAA00DE23B2;
			remoteInfo = "Force Upgrade Sample";
		};
/* End PBXContainerItemProxy section */

/* Begin PBXFileReference section */
		0D41FA8E29750CAA00DE23B2 /* Force Upgrade Sample.app */ = {isa = PBXFileReference; explicitFileType = wrapper.application; includeInIndex = 0; path = "Force Upgrade Sample.app"; sourceTree = BUILT_PRODUCTS_DIR; };
		0D41FA9129750CAA00DE23B2 /* AppDelegate.swift */ = {isa = PBXFileReference; lastKnownFileType = sourcecode.swift; path = AppDelegate.swift; sourceTree = "<group>"; };
		0D41FA9329750CAA00DE23B2 /* SceneDelegate.swift */ = {isa = PBXFileReference; lastKnownFileType = sourcecode.swift; path = SceneDelegate.swift; sourceTree = "<group>"; };
		0D41FA9529750CAA00DE23B2 /* ViewController.swift */ = {isa = PBXFileReference; lastKnownFileType = sourcecode.swift; path = ViewController.swift; sourceTree = "<group>"; };
		0D41FA9829750CAA00DE23B2 /* Base */ = {isa = PBXFileReference; lastKnownFileType = file.storyboard; name = Base; path = Base.lproj/Main.storyboard; sourceTree = "<group>"; };
		0D41FA9A29750CAD00DE23B2 /* Assets.xcassets */ = {isa = PBXFileReference; lastKnownFileType = folder.assetcatalog; path = Assets.xcassets; sourceTree = "<group>"; };
		0D41FA9D29750CAD00DE23B2 /* Base */ = {isa = PBXFileReference; lastKnownFileType = file.storyboard; name = Base; path = Base.lproj/LaunchScreen.storyboard; sourceTree = "<group>"; };
		0D41FA9F29750CAD00DE23B2 /* Info.plist */ = {isa = PBXFileReference; lastKnownFileType = text.plist.xml; path = Info.plist; sourceTree = "<group>"; };
		0D41FAA429750CAD00DE23B2 /* Force Upgrade SampleTests.xctest */ = {isa = PBXFileReference; explicitFileType = wrapper.cfbundle; includeInIndex = 0; path = "Force Upgrade SampleTests.xctest"; sourceTree = BUILT_PRODUCTS_DIR; };
		0D41FAA829750CAD00DE23B2 /* Force_Upgrade_SampleTests.swift */ = {isa = PBXFileReference; lastKnownFileType = sourcecode.swift; path = Force_Upgrade_SampleTests.swift; sourceTree = "<group>"; };
		0D41FAAE29750CAD00DE23B2 /* Force Upgrade SampleUITests.xctest */ = {isa = PBXFileReference; explicitFileType = wrapper.cfbundle; includeInIndex = 0; path = "Force Upgrade SampleUITests.xctest"; sourceTree = BUILT_PRODUCTS_DIR; };
		0D41FAB229750CAD00DE23B2 /* Force_Upgrade_SampleUITests.swift */ = {isa = PBXFileReference; lastKnownFileType = sourcecode.swift; path = Force_Upgrade_SampleUITests.swift; sourceTree = "<group>"; };
		0D41FAB429750CAD00DE23B2 /* Force_Upgrade_SampleUITestsLaunchTests.swift */ = {isa = PBXFileReference; lastKnownFileType = sourcecode.swift; path = Force_Upgrade_SampleUITestsLaunchTests.swift; sourceTree = "<group>"; };
		0D41FAC129750E4F00DE23B2 /* RemoteConfigUtility.swift */ = {isa = PBXFileReference; fileEncoding = 4; lastKnownFileType = sourcecode.swift; path = RemoteConfigUtility.swift; sourceTree = "<group>"; };
		0D41FAC429750EC500DE23B2 /* GoogleService-Info.plist */ = {isa = PBXFileReference; fileEncoding = 4; lastKnownFileType = text.plist.xml; path = "GoogleService-Info.plist"; sourceTree = "<group>"; };
		0D41FAC529750EC500DE23B2 /* RemoteConfigDefaults.plist */ = {isa = PBXFileReference; fileEncoding = 4; lastKnownFileType = text.plist.xml; path = RemoteConfigDefaults.plist; sourceTree = "<group>"; };
		0D6B77EC299B939300BB7B7B /* Force Upgrade Sample.entitlements */ = {isa = PBXFileReference; lastKnownFileType = text.plist.entitlements; path = "Force Upgrade Sample.entitlements"; sourceTree = "<group>"; };
		545790A9A8F8200BB6F364C4 /* Pods-Force Upgrade Sample.release.xcconfig */ = {isa = PBXFileReference; includeInIndex = 1; lastKnownFileType = text.xcconfig; name = "Pods-Force Upgrade Sample.release.xcconfig"; path = "Target Support Files/Pods-Force Upgrade Sample/Pods-Force Upgrade Sample.release.xcconfig"; sourceTree = "<group>"; };
		695A5E70A7924F47E45EC2F0 /* Pods-Force Upgrade Sample.debug.xcconfig */ = {isa = PBXFileReference; includeInIndex = 1; lastKnownFileType = text.xcconfig; name = "Pods-Force Upgrade Sample.debug.xcconfig"; path = "Target Support Files/Pods-Force Upgrade Sample/Pods-Force Upgrade Sample.debug.xcconfig"; sourceTree = "<group>"; };
		DC7249633AD01185420B2A24 /* Pods_Force_Upgrade_Sample.framework */ = {isa = PBXFileReference; explicitFileType = wrapper.framework; includeInIndex = 0; path = Pods_Force_Upgrade_Sample.framework; sourceTree = BUILT_PRODUCTS_DIR; };
/* End PBXFileReference section */

/* Begin PBXFrameworksBuildPhase section */
		0D41FA8B29750CAA00DE23B2 /* Frameworks */ = {
			isa = PBXFrameworksBuildPhase;
			buildActionMask = 2147483647;
			files = (
				429C76A83818F4A2165E66D0 /* Pods_Force_Upgrade_Sample.framework in Frameworks */,
			);
			runOnlyForDeploymentPostprocessing = 0;
		};
		0D41FAA129750CAD00DE23B2 /* Frameworks */ = {
			isa = PBXFrameworksBuildPhase;
			buildActionMask = 2147483647;
			files = (
			);
			runOnlyForDeploymentPostprocessing = 0;
		};
		0D41FAAB29750CAD00DE23B2 /* Frameworks */ = {
			isa = PBXFrameworksBuildPhase;
			buildActionMask = 2147483647;
			files = (
			);
			runOnlyForDeploymentPostprocessing = 0;
		};
/* End PBXFrameworksBuildPhase section */

/* Begin PBXGroup section */
		0D41FA8529750CAA00DE23B2 = {
			isa = PBXGroup;
			children = (
				0D41FA9029750CAA00DE23B2 /* Force Upgrade Sample */,
				0D41FAA729750CAD00DE23B2 /* Force Upgrade SampleTests */,
				0D41FAB129750CAD00DE23B2 /* Force Upgrade SampleUITests */,
				0D41FA8F29750CAA00DE23B2 /* Products */,
				9D5F197C85C7952EB31FF1D7 /* Pods */,
				4762A063C13642BC9B67E74E /* Frameworks */,
			);
			sourceTree = "<group>";
		};
		0D41FA8F29750CAA00DE23B2 /* Products */ = {
			isa = PBXGroup;
			children = (
				0D41FA8E29750CAA00DE23B2 /* Force Upgrade Sample.app */,
				0D41FAA429750CAD00DE23B2 /* Force Upgrade SampleTests.xctest */,
				0D41FAAE29750CAD00DE23B2 /* Force Upgrade SampleUITests.xctest */,
			);
			name = Products;
			sourceTree = "<group>";
		};
		0D41FA9029750CAA00DE23B2 /* Force Upgrade Sample */ = {
			isa = PBXGroup;
			children = (
				0D6B77EC299B939300BB7B7B /* Force Upgrade Sample.entitlements */,
				0D41FA9129750CAA00DE23B2 /* AppDelegate.swift */,
				0D41FAC129750E4F00DE23B2 /* RemoteConfigUtility.swift */,
				0D41FA9329750CAA00DE23B2 /* SceneDelegate.swift */,
				0D41FA9529750CAA00DE23B2 /* ViewController.swift */,
				0D41FA9729750CAA00DE23B2 /* Main.storyboard */,
				0D41FA9A29750CAD00DE23B2 /* Assets.xcassets */,
				0D41FA9C29750CAD00DE23B2 /* LaunchScreen.storyboard */,
				0D41FA9F29750CAD00DE23B2 /* Info.plist */,
				0D41FAC329750EC500DE23B2 /* Resources */,
			);
			path = "Force Upgrade Sample";
			sourceTree = "<group>";
		};
		0D41FAA729750CAD00DE23B2 /* Force Upgrade SampleTests */ = {
			isa = PBXGroup;
			children = (
				0D41FAA829750CAD00DE23B2 /* Force_Upgrade_SampleTests.swift */,
			);
			path = "Force Upgrade SampleTests";
			sourceTree = "<group>";
		};
		0D41FAB129750CAD00DE23B2 /* Force Upgrade SampleUITests */ = {
			isa = PBXGroup;
			children = (
				0D41FAB229750CAD00DE23B2 /* Force_Upgrade_SampleUITests.swift */,
				0D41FAB429750CAD00DE23B2 /* Force_Upgrade_SampleUITestsLaunchTests.swift */,
			);
			path = "Force Upgrade SampleUITests";
			sourceTree = "<group>";
		};
		0D41FAC329750EC500DE23B2 /* Resources */ = {
			isa = PBXGroup;
			children = (
				0D41FAC429750EC500DE23B2 /* GoogleService-Info.plist */,
				0D41FAC529750EC500DE23B2 /* RemoteConfigDefaults.plist */,
			);
			path = Resources;
			sourceTree = "<group>";
		};
		4762A063C13642BC9B67E74E /* Frameworks */ = {
			isa = PBXGroup;
			children = (
				DC7249633AD01185420B2A24 /* Pods_Force_Upgrade_Sample.framework */,
			);
			name = Frameworks;
			sourceTree = "<group>";
		};
		9D5F197C85C7952EB31FF1D7 /* Pods */ = {
			isa = PBXGroup;
			children = (
				695A5E70A7924F47E45EC2F0 /* Pods-Force Upgrade Sample.debug.xcconfig */,
				545790A9A8F8200BB6F364C4 /* Pods-Force Upgrade Sample.release.xcconfig */,
			);
			path = Pods;
			sourceTree = "<group>";
		};
/* End PBXGroup section */

/* Begin PBXNativeTarget section */
		0D41FA8D29750CAA00DE23B2 /* Force Upgrade Sample */ = {
			isa = PBXNativeTarget;
			buildConfigurationList = 0D41FAB829750CAD00DE23B2 /* Build configuration list for PBXNativeTarget "Force Upgrade Sample" */;
			buildPhases = (
				992F5D28B9A3EC644A5CA80A /* [CP] Check Pods Manifest.lock */,
				0D41FA8A29750CAA00DE23B2 /* Sources */,
				0D41FA8B29750CAA00DE23B2 /* Frameworks */,
				0D41FA8C29750CAA00DE23B2 /* Resources */,
				86D5BBFF2D3F7A5774F879D9 /* [CP] Embed Pods Frameworks */,
			);
			buildRules = (
			);
			dependencies = (
			);
			name = "Force Upgrade Sample";
			productName = "Force Upgrade Sample";
			productReference = 0D41FA8E29750CAA00DE23B2 /* Force Upgrade Sample.app */;
			productType = "com.apple.product-type.application";
		};
		0D41FAA329750CAD00DE23B2 /* Force Upgrade SampleTests */ = {
			isa = PBXNativeTarget;
			buildConfigurationList = 0D41FABB29750CAD00DE23B2 /* Build configuration list for PBXNativeTarget "Force Upgrade SampleTests" */;
			buildPhases = (
				0D41FAA029750CAD00DE23B2 /* Sources */,
				0D41FAA129750CAD00DE23B2 /* Frameworks */,
				0D41FAA229750CAD00DE23B2 /* Resources */,
			);
			buildRules = (
			);
			dependencies = (
				0D41FAA629750CAD00DE23B2 /* PBXTargetDependency */,
			);
			name = "Force Upgrade SampleTests";
			productName = "Force Upgrade SampleTests";
			productReference = 0D41FAA429750CAD00DE23B2 /* Force Upgrade SampleTests.xctest */;
			productType = "com.apple.product-type.bundle.unit-test";
		};
		0D41FAAD29750CAD00DE23B2 /* Force Upgrade SampleUITests */ = {
			isa = PBXNativeTarget;
			buildConfigurationList = 0D41FABE29750CAD00DE23B2 /* Build configuration list for PBXNativeTarget "Force Upgrade SampleUITests" */;
			buildPhases = (
				0D41FAAA29750CAD00DE23B2 /* Sources */,
				0D41FAAB29750CAD00DE23B2 /* Frameworks */,
				0D41FAAC29750CAD00DE23B2 /* Resources */,
			);
			buildRules = (
			);
			dependencies = (
				0D41FAB029750CAD00DE23B2 /* PBXTargetDependency */,
			);
			name = "Force Upgrade SampleUITests";
			productName = "Force Upgrade SampleUITests";
			productReference = 0D41FAAE29750CAD00DE23B2 /* Force Upgrade SampleUITests.xctest */;
			productType = "com.apple.product-type.bundle.ui-testing";
		};
/* End PBXNativeTarget section */

/* Begin PBXProject section */
		0D41FA8629750CAA00DE23B2 /* Project object */ = {
			isa = PBXProject;
			attributes = {
				BuildIndependentTargetsInParallel = 1;
				LastSwiftUpdateCheck = 1420;
				LastUpgradeCheck = 1420;
				TargetAttributes = {
					0D41FA8D29750CAA00DE23B2 = {
						CreatedOnToolsVersion = 14.2;
					};
					0D41FAA329750CAD00DE23B2 = {
						CreatedOnToolsVersion = 14.2;
						TestTargetID = 0D41FA8D29750CAA00DE23B2;
					};
					0D41FAAD29750CAD00DE23B2 = {
						CreatedOnToolsVersion = 14.2;
						TestTargetID = 0D41FA8D29750CAA00DE23B2;
					};
				};
			};
			buildConfigurationList = 0D41FA8929750CAA00DE23B2 /* Build configuration list for PBXProject "Force Upgrade Sample" */;
			compatibilityVersion = "Xcode 14.0";
			developmentRegion = en;
			hasScannedForEncodings = 0;
			knownRegions = (
				en,
				Base,
			);
			mainGroup = 0D41FA8529750CAA00DE23B2;
			productRefGroup = 0D41FA8F29750CAA00DE23B2 /* Products */;
			projectDirPath = "";
			projectRoot = "";
			targets = (
				0D41FA8D29750CAA00DE23B2 /* Force Upgrade Sample */,
				0D41FAA329750CAD00DE23B2 /* Force Upgrade SampleTests */,
				0D41FAAD29750CAD00DE23B2 /* Force Upgrade SampleUITests */,
			);
		};
/* End PBXProject section */

/* Begin PBXResourcesBuildPhase section */
		0D41FA8C29750CAA00DE23B2 /* Resources */ = {
			isa = PBXResourcesBuildPhase;
			buildActionMask = 2147483647;
			files = (
				0D41FA9E29750CAD00DE23B2 /* LaunchScreen.storyboard in Resources */,
				0D41FAC729750EC500DE23B2 /* RemoteConfigDefaults.plist in Resources */,
				0D41FAC629750EC500DE23B2 /* GoogleService-Info.plist in Resources */,
				0D41FA9B29750CAD00DE23B2 /* Assets.xcassets in Resources */,
				0D41FA9929750CAA00DE23B2 /* Main.storyboard in Resources */,
			);
			runOnlyForDeploymentPostprocessing = 0;
		};
		0D41FAA229750CAD00DE23B2 /* Resources */ = {
			isa = PBXResourcesBuildPhase;
			buildActionMask = 2147483647;
			files = (
			);
			runOnlyForDeploymentPostprocessing = 0;
		};
		0D41FAAC29750CAD00DE23B2 /* Resources */ = {
			isa = PBXResourcesBuildPhase;
			buildActionMask = 2147483647;
			files = (
			);
			runOnlyForDeploymentPostprocessing = 0;
		};
/* End PBXResourcesBuildPhase section */

/* Begin PBXShellScriptBuildPhase section */
		86D5BBFF2D3F7A5774F879D9 /* [CP] Embed Pods Frameworks */ = {
			isa = PBXShellScriptBuildPhase;
			buildActionMask = 2147483647;
			files = (
			);
			inputFileListPaths = (
				"${PODS_ROOT}/Target Support Files/Pods-Force Upgrade Sample/Pods-Force Upgrade Sample-frameworks-${CONFIGURATION}-input-files.xcfilelist",
			);
			name = "[CP] Embed Pods Frameworks";
			outputFileListPaths = (
				"${PODS_ROOT}/Target Support Files/Pods-Force Upgrade Sample/Pods-Force Upgrade Sample-frameworks-${CONFIGURATION}-output-files.xcfilelist",
			);
			runOnlyForDeploymentPostprocessing = 0;
			shellPath = /bin/sh;
			shellScript = "\"${PODS_ROOT}/Target Support Files/Pods-Force Upgrade Sample/Pods-Force Upgrade Sample-frameworks.sh\"\n";
			showEnvVarsInLog = 0;
		};
		992F5D28B9A3EC644A5CA80A /* [CP] Check Pods Manifest.lock */ = {
			isa = PBXShellScriptBuildPhase;
			buildActionMask = 2147483647;
			files = (
			);
			inputFileListPaths = (
			);
			inputPaths = (
				"${PODS_PODFILE_DIR_PATH}/Podfile.lock",
				"${PODS_ROOT}/Manifest.lock",
			);
			name = "[CP] Check Pods Manifest.lock";
			outputFileListPaths = (
			);
			outputPaths = (
				"$(DERIVED_FILE_DIR)/Pods-Force Upgrade Sample-checkManifestLockResult.txt",
			);
			runOnlyForDeploymentPostprocessing = 0;
			shellPath = /bin/sh;
			shellScript = "diff \"${PODS_PODFILE_DIR_PATH}/Podfile.lock\" \"${PODS_ROOT}/Manifest.lock\" > /dev/null\nif [ $? != 0 ] ; then\n    # print error to STDERR\n    echo \"error: The sandbox is not in sync with the Podfile.lock. Run 'pod install' or update your CocoaPods installation.\" >&2\n    exit 1\nfi\n# This output is used by Xcode 'outputs' to avoid re-running this script phase.\necho \"SUCCESS\" > \"${SCRIPT_OUTPUT_FILE_0}\"\n";
			showEnvVarsInLog = 0;
		};
/* End PBXShellScriptBuildPhase section */

/* Begin PBXSourcesBuildPhase section */
		0D41FA8A29750CAA00DE23B2 /* Sources */ = {
			isa = PBXSourcesBuildPhase;
			buildActionMask = 2147483647;
			files = (
				0D41FA9629750CAA00DE23B2 /* ViewController.swift in Sources */,
				0D41FA9229750CAA00DE23B2 /* AppDelegate.swift in Sources */,
				0D41FAC229750E4F00DE23B2 /* RemoteConfigUtility.swift in Sources */,
				0D41FA9429750CAA00DE23B2 /* SceneDelegate.swift in Sources */,
			);
			runOnlyForDeploymentPostprocessing = 0;
		};
		0D41FAA029750CAD00DE23B2 /* Sources */ = {
			isa = PBXSourcesBuildPhase;
			buildActionMask = 2147483647;
			files = (
				0D41FAA929750CAD00DE23B2 /* Force_Upgrade_SampleTests.swift in Sources */,
			);
			runOnlyForDeploymentPostprocessing = 0;
		};
		0D41FAAA29750CAD00DE23B2 /* Sources */ = {
			isa = PBXSourcesBuildPhase;
			buildActionMask = 2147483647;
			files = (
				0D41FAB329750CAD00DE23B2 /* Force_Upgrade_SampleUITests.swift in Sources */,
				0D41FAB529750CAD00DE23B2 /* Force_Upgrade_SampleUITestsLaunchTests.swift in Sources */,
			);
			runOnlyForDeploymentPostprocessing = 0;
		};
/* End PBXSourcesBuildPhase section */

/* Begin PBXTargetDependency section */
		0D41FAA629750CAD00DE23B2 /* PBXTargetDependency */ = {
			isa = PBXTargetDependency;
			target = 0D41FA8D29750CAA00DE23B2 /* Force Upgrade Sample */;
			targetProxy = 0D41FAA529750CAD00DE23B2 /* PBXContainerItemProxy */;
		};
		0D41FAB029750CAD00DE23B2 /* PBXTargetDependency */ = {
			isa = PBXTargetDependency;
			target = 0D41FA8D29750CAA00DE23B2 /* Force Upgrade Sample */;
			targetProxy = 0D41FAAF29750CAD00DE23B2 /* PBXContainerItemProxy */;
		};
/* End PBXTargetDependency section */

/* Begin PBXVariantGroup section */
		0D41FA9729750CAA00DE23B2 /* Main.storyboard */ = {
			isa = PBXVariantGroup;
			children = (
				0D41FA9829750CAA00DE23B2 /* Base */,
			);
			name = Main.storyboard;
			sourceTree = "<group>";
		};
		0D41FA9C29750CAD00DE23B2 /* LaunchScreen.storyboard */ = {
			isa = PBXVariantGroup;
			children = (
				0D41FA9D29750CAD00DE23B2 /* Base */,
			);
			name = LaunchScreen.storyboard;
			sourceTree = "<group>";
		};
/* End PBXVariantGroup section */

/* Begin XCBuildConfiguration section */
		0D41FAB629750CAD00DE23B2 /* Debug */ = {
			isa = XCBuildConfiguration;
			buildSettings = {
				ALWAYS_SEARCH_USER_PATHS = NO;
				CLANG_ANALYZER_NONNULL = YES;
				CLANG_ANALYZER_NUMBER_OBJECT_CONVERSION = YES_AGGRESSIVE;
				CLANG_CXX_LANGUAGE_STANDARD = "gnu++20";
				CLANG_ENABLE_MODULES = YES;
				CLANG_ENABLE_OBJC_ARC = YES;
				CLANG_ENABLE_OBJC_WEAK = YES;
				CLANG_WARN_BLOCK_CAPTURE_AUTORELEASING = YES;
				CLANG_WARN_BOOL_CONVERSION = YES;
				CLANG_WARN_COMMA = YES;
				CLANG_WARN_CONSTANT_CONVERSION = YES;
				CLANG_WARN_DEPRECATED_OBJC_IMPLEMENTATIONS = YES;
				CLANG_WARN_DIRECT_OBJC_ISA_USAGE = YES_ERROR;
				CLANG_WARN_DOCUMENTATION_COMMENTS = YES;
				CLANG_WARN_EMPTY_BODY = YES;
				CLANG_WARN_ENUM_CONVERSION = YES;
				CLANG_WARN_INFINITE_RECURSION = YES;
				CLANG_WARN_INT_CONVERSION = YES;
				CLANG_WARN_NON_LITERAL_NULL_CONVERSION = YES;
				CLANG_WARN_OBJC_IMPLICIT_RETAIN_SELF = YES;
				CLANG_WARN_OBJC_LITERAL_CONVERSION = YES;
				CLANG_WARN_OBJC_ROOT_CLASS = YES_ERROR;
				CLANG_WARN_QUOTED_INCLUDE_IN_FRAMEWORK_HEADER = YES;
				CLANG_WARN_RANGE_LOOP_ANALYSIS = YES;
				CLANG_WARN_STRICT_PROTOTYPES = YES;
				CLANG_WARN_SUSPICIOUS_MOVE = YES;
				CLANG_WARN_UNGUARDED_AVAILABILITY = YES_AGGRESSIVE;
				CLANG_WARN_UNREACHABLE_CODE = YES;
				CLANG_WARN__DUPLICATE_METHOD_MATCH = YES;
				COPY_PHASE_STRIP = NO;
				DEBUG_INFORMATION_FORMAT = dwarf;
				ENABLE_STRICT_OBJC_MSGSEND = YES;
				ENABLE_TESTABILITY = YES;
				GCC_C_LANGUAGE_STANDARD = gnu11;
				GCC_DYNAMIC_NO_PIC = NO;
				GCC_NO_COMMON_BLOCKS = YES;
				GCC_OPTIMIZATION_LEVEL = 0;
				GCC_PREPROCESSOR_DEFINITIONS = (
					"DEBUG=1",
					"$(inherited)",
				);
				GCC_WARN_64_TO_32_BIT_CONVERSION = YES;
				GCC_WARN_ABOUT_RETURN_TYPE = YES_ERROR;
				GCC_WARN_UNDECLARED_SELECTOR = YES;
				GCC_WARN_UNINITIALIZED_AUTOS = YES_AGGRESSIVE;
				GCC_WARN_UNUSED_FUNCTION = YES;
				GCC_WARN_UNUSED_VARIABLE = YES;
				IPHONEOS_DEPLOYMENT_TARGET = 16.2;
				MTL_ENABLE_DEBUG_INFO = INCLUDE_SOURCE;
				MTL_FAST_MATH = YES;
				ONLY_ACTIVE_ARCH = YES;
				SDKROOT = iphoneos;
				SWIFT_ACTIVE_COMPILATION_CONDITIONS = DEBUG;
				SWIFT_OPTIMIZATION_LEVEL = "-Onone";
			};
			name = Debug;
		};
		0D41FAB729750CAD00DE23B2 /* Release */ = {
			isa = XCBuildConfiguration;
			buildSettings = {
				ALWAYS_SEARCH_USER_PATHS = NO;
				CLANG_ANALYZER_NONNULL = YES;
				CLANG_ANALYZER_NUMBER_OBJECT_CONVERSION = YES_AGGRESSIVE;
				CLANG_CXX_LANGUAGE_STANDARD = "gnu++20";
				CLANG_ENABLE_MODULES = YES;
				CLANG_ENABLE_OBJC_ARC = YES;
				CLANG_ENABLE_OBJC_WEAK = YES;
				CLANG_WARN_BLOCK_CAPTURE_AUTORELEASING = YES;
				CLANG_WARN_BOOL_CONVERSION = YES;
				CLANG_WARN_COMMA = YES;
				CLANG_WARN_CONSTANT_CONVERSION = YES;
				CLANG_WARN_DEPRECATED_OBJC_IMPLEMENTATIONS = YES;
				CLANG_WARN_DIRECT_OBJC_ISA_USAGE = YES_ERROR;
				CLANG_WARN_DOCUMENTATION_COMMENTS = YES;
				CLANG_WARN_EMPTY_BODY = YES;
				CLANG_WARN_ENUM_CONVERSION = YES;
				CLANG_WARN_INFINITE_RECURSION = YES;
				CLANG_WARN_INT_CONVERSION = YES;
				CLANG_WARN_NON_LITERAL_NULL_CONVERSION = YES;
				CLANG_WARN_OBJC_IMPLICIT_RETAIN_SELF = YES;
				CLANG_WARN_OBJC_LITERAL_CONVERSION = YES;
				CLANG_WARN_OBJC_ROOT_CLASS = YES_ERROR;
				CLANG_WARN_QUOTED_INCLUDE_IN_FRAMEWORK_HEADER = YES;
				CLANG_WARN_RANGE_LOOP_ANALYSIS = YES;
				CLANG_WARN_STRICT_PROTOTYPES = YES;
				CLANG_WARN_SUSPICIOUS_MOVE = YES;
				CLANG_WARN_UNGUARDED_AVAILABILITY = YES_AGGRESSIVE;
				CLANG_WARN_UNREACHABLE_CODE = YES;
				CLANG_WARN__DUPLICATE_METHOD_MATCH = YES;
				COPY_PHASE_STRIP = NO;
				DEBUG_INFORMATION_FORMAT = "dwarf-with-dsym";
				ENABLE_NS_ASSERTIONS = NO;
				ENABLE_STRICT_OBJC_MSGSEND = YES;
				GCC_C_LANGUAGE_STANDARD = gnu11;
				GCC_NO_COMMON_BLOCKS = YES;
				GCC_WARN_64_TO_32_BIT_CONVERSION = YES;
				GCC_WARN_ABOUT_RETURN_TYPE = YES_ERROR;
				GCC_WARN_UNDECLARED_SELECTOR = YES;
				GCC_WARN_UNINITIALIZED_AUTOS = YES_AGGRESSIVE;
				GCC_WARN_UNUSED_FUNCTION = YES;
				GCC_WARN_UNUSED_VARIABLE = YES;
				IPHONEOS_DEPLOYMENT_TARGET = 16.2;
				MTL_ENABLE_DEBUG_INFO = NO;
				MTL_FAST_MATH = YES;
				SDKROOT = iphoneos;
				SWIFT_COMPILATION_MODE = wholemodule;
				SWIFT_OPTIMIZATION_LEVEL = "-O";
				VALIDATE_PRODUCT = YES;
			};
			name = Release;
		};
		0D41FAB929750CAD00DE23B2 /* Debug */ = {
			isa = XCBuildConfiguration;
			baseConfigurationReference = 695A5E70A7924F47E45EC2F0 /* Pods-Force Upgrade Sample.debug.xcconfig */;
			buildSettings = {
				ASSETCATALOG_COMPILER_APPICON_NAME = AppIcon;
				ASSETCATALOG_COMPILER_GLOBAL_ACCENT_COLOR_NAME = AccentColor;
				CODE_SIGN_ENTITLEMENTS = "Force Upgrade Sample/Force Upgrade Sample.entitlements";
				CODE_SIGN_STYLE = Automatic;
				CURRENT_PROJECT_VERSION = 1;
				DEVELOPMENT_TEAM = 3QU226PP84;
				GENERATE_INFOPLIST_FILE = YES;
				INFOPLIST_FILE = "Force Upgrade Sample/Info.plist";
				INFOPLIST_KEY_UIApplicationSupportsIndirectInputEvents = YES;
				INFOPLIST_KEY_UILaunchStoryboardName = LaunchScreen;
				INFOPLIST_KEY_UIMainStoryboardFile = Main;
				INFOPLIST_KEY_UISupportedInterfaceOrientations_iPad = "UIInterfaceOrientationPortrait UIInterfaceOrientationPortraitUpsideDown UIInterfaceOrientationLandscapeLeft UIInterfaceOrientationLandscapeRight";
				INFOPLIST_KEY_UISupportedInterfaceOrientations_iPhone = "UIInterfaceOrientationPortrait UIInterfaceOrientationLandscapeLeft UIInterfaceOrientationLandscapeRight";
				LD_RUNPATH_SEARCH_PATHS = (
					"$(inherited)",
					"@executable_path/Frameworks",
				);
				MARKETING_VERSION = 1.0;
				PRODUCT_BUNDLE_IDENTIFIER = com.spireon.forceupgradesample;
				PRODUCT_NAME = "$(TARGET_NAME)";
				SWIFT_EMIT_LOC_STRINGS = YES;
				SWIFT_VERSION = 5.0;
				TARGETED_DEVICE_FAMILY = "1,2";
			};
			name = Debug;
		};
		0D41FABA29750CAD00DE23B2 /* Release */ = {
			isa = XCBuildConfiguration;
			baseConfigurationReference = 545790A9A8F8200BB6F364C4 /* Pods-Force Upgrade Sample.release.xcconfig */;
			buildSettings = {
				ASSETCATALOG_COMPILER_APPICON_NAME = AppIcon;
				ASSETCATALOG_COMPILER_GLOBAL_ACCENT_COLOR_NAME = AccentColor;
				CODE_SIGN_ENTITLEMENTS = "Force Upgrade Sample/Force Upgrade Sample.entitlements";
				CODE_SIGN_STYLE = Automatic;
				CURRENT_PROJECT_VERSION = 1;
				DEVELOPMENT_TEAM = 3QU226PP84;
				GENERATE_INFOPLIST_FILE = YES;
				INFOPLIST_FILE = "Force Upgrade Sample/Info.plist";
				INFOPLIST_KEY_UIApplicationSupportsIndirectInputEvents = YES;
				INFOPLIST_KEY_UILaunchStoryboardName = LaunchScreen;
				INFOPLIST_KEY_UIMainStoryboardFile = Main;
				INFOPLIST_KEY_UISupportedInterfaceOrientations_iPad = "UIInterfaceOrientationPortrait UIInterfaceOrientationPortraitUpsideDown UIInterfaceOrientationLandscapeLeft UIInterfaceOrientationLandscapeRight";
				INFOPLIST_KEY_UISupportedInterfaceOrientations_iPhone = "UIInterfaceOrientationPortrait UIInterfaceOrientationLandscapeLeft UIInterfaceOrientationLandscapeRight";
				LD_RUNPATH_SEARCH_PATHS = (
					"$(inherited)",
					"@executable_path/Frameworks",
				);
				MARKETING_VERSION = 1.0;
				PRODUCT_BUNDLE_IDENTIFIER = com.spireon.forceupgradesample;
				PRODUCT_NAME = "$(TARGET_NAME)";
				SWIFT_EMIT_LOC_STRINGS = YES;
				SWIFT_VERSION = 5.0;
				TARGETED_DEVICE_FAMILY = "1,2";
			};
			name = Release;
		};
		0D41FABC29750CAD00DE23B2 /* Debug */ = {
			isa = XCBuildConfiguration;
			buildSettings = {
				ALWAYS_EMBED_SWIFT_STANDARD_LIBRARIES = YES;
				BUNDLE_LOADER = "$(TEST_HOST)";
				CODE_SIGN_STYLE = Automatic;
				CURRENT_PROJECT_VERSION = 1;
				GENERATE_INFOPLIST_FILE = YES;
				IPHONEOS_DEPLOYMENT_TARGET = 16.2;
				MARKETING_VERSION = 1.0;
				PRODUCT_BUNDLE_IDENTIFIER = "com.spireon.Force-Upgrade-SampleTests";
				PRODUCT_NAME = "$(TARGET_NAME)";
				SWIFT_EMIT_LOC_STRINGS = NO;
				SWIFT_VERSION = 5.0;
				TARGETED_DEVICE_FAMILY = "1,2";
				TEST_HOST = "$(BUILT_PRODUCTS_DIR)/Force Upgrade Sample.app/$(BUNDLE_EXECUTABLE_FOLDER_PATH)/Force Upgrade Sample";
			};
			name = Debug;
		};
		0D41FABD29750CAD00DE23B2 /* Release */ = {
			isa = XCBuildConfiguration;
			buildSettings = {
				ALWAYS_EMBED_SWIFT_STANDARD_LIBRARIES = YES;
				BUNDLE_LOADER = "$(TEST_HOST)";
				CODE_SIGN_STYLE = Automatic;
				CURRENT_PROJECT_VERSION = 1;
				GENERATE_INFOPLIST_FILE = YES;
				IPHONEOS_DEPLOYMENT_TARGET = 16.2;
				MARKETING_VERSION = 1.0;
				PRODUCT_BUNDLE_IDENTIFIER = "com.spireon.Force-Upgrade-SampleTests";
				PRODUCT_NAME = "$(TARGET_NAME)";
				SWIFT_EMIT_LOC_STRINGS = NO;
				SWIFT_VERSION = 5.0;
				TARGETED_DEVICE_FAMILY = "1,2";
				TEST_HOST = "$(BUILT_PRODUCTS_DIR)/Force Upgrade Sample.app/$(BUNDLE_EXECUTABLE_FOLDER_PATH)/Force Upgrade Sample";
			};
			name = Release;
		};
		0D41FABF29750CAD00DE23B2 /* Debug */ = {
			isa = XCBuildConfiguration;
			buildSettings = {
				ALWAYS_EMBED_SWIFT_STANDARD_LIBRARIES = YES;
				CODE_SIGN_STYLE = Automatic;
				CURRENT_PROJECT_VERSION = 1;
				GENERATE_INFOPLIST_FILE = YES;
				MARKETING_VERSION = 1.0;
				PRODUCT_BUNDLE_IDENTIFIER = "com.spireon.Force-Upgrade-SampleUITests";
				PRODUCT_NAME = "$(TARGET_NAME)";
				SWIFT_EMIT_LOC_STRINGS = NO;
				SWIFT_VERSION = 5.0;
				TARGETED_DEVICE_FAMILY = "1,2";
				TEST_TARGET_NAME = "Force Upgrade Sample";
			};
			name = Debug;
		};
		0D41FAC029750CAD00DE23B2 /* Release */ = {
			isa = XCBuildConfiguration;
			buildSettings = {
				ALWAYS_EMBED_SWIFT_STANDARD_LIBRARIES = YES;
				CODE_SIGN_STYLE = Automatic;
				CURRENT_PROJECT_VERSION = 1;
				GENERATE_INFOPLIST_FILE = YES;
				MARKETING_VERSION = 1.0;
				PRODUCT_BUNDLE_IDENTIFIER = "com.spireon.Force-Upgrade-SampleUITests";
				PRODUCT_NAME = "$(TARGET_NAME)";
				SWIFT_EMIT_LOC_STRINGS = NO;
				SWIFT_VERSION = 5.0;
				TARGETED_DEVICE_FAMILY = "1,2";
				TEST_TARGET_NAME = "Force Upgrade Sample";
			};
			name = Release;
		};
/* End XCBuildConfiguration section */

/* Begin XCConfigurationList section */
		0D41FA8929750CAA00DE23B2 /* Build configuration list for PBXProject "Force Upgrade Sample" */ = {
			isa = XCConfigurationList;
			buildConfigurations = (
				0D41FAB629750CAD00DE23B2 /* Debug */,
				0D41FAB729750CAD00DE23B2 /* Release */,
			);
			defaultConfigurationIsVisible = 0;
			defaultConfigurationName = Release;
		};
		0D41FAB829750CAD00DE23B2 /* Build configuration list for PBXNativeTarget "Force Upgrade Sample" */ = {
			isa = XCConfigurationList;
			buildConfigurations = (
				0D41FAB929750CAD00DE23B2 /* Debug */,
				0D41FABA29750CAD00DE23B2 /* Release */,
			);
			defaultConfigurationIsVisible = 0;
			defaultConfigurationName = Release;
		};
		0D41FABB29750CAD00DE23B2 /* Build configuration list for PBXNativeTarget "Force Upgrade SampleTests" */ = {
			isa = XCConfigurationList;
			buildConfigurations = (
				0D41FABC29750CAD00DE23B2 /* Debug */,
				0D41FABD29750CAD00DE23B2 /* Release */,
			);
			defaultConfigurationIsVisible = 0;
			defaultConfigurationName = Release;
		};
		0D41FABE29750CAD00DE23B2 /* Build configuration list for PBXNativeTarget "Force Upgrade SampleUITests" */ = {
			isa = XCConfigurationList;
			buildConfigurations = (
				0D41FABF29750CAD00DE23B2 /* Debug */,
				0D41FAC029750CAD00DE23B2 /* Release */,
			);
			defaultConfigurationIsVisible = 0;
			defaultConfigurationName = Release;
		};
/* End XCConfigurationList section */
	};
	rootObject = 0D41FA8629750CAA00DE23B2 /* Project object */;
}
